# This file is automatically @generated by Poetry 1.7.0 and should not be changed by hand.

[[package]]
name = "annotated-types"
version = "0.6.0"
description = "Reusable constraint types to use with typing.Annotated"
optional = false
python-versions = ">=3.8"
files = [
    {file = "annotated_types-0.6.0-py3-none-any.whl", hash = "sha256:0641064de18ba7a25dee8f96403ebc39113d0cb953a01429249d5c7564666a43"},
    {file = "annotated_types-0.6.0.tar.gz", hash = "sha256:563339e807e53ffd9c267e99fc6d9ea23eb8443c08f112651963e24e22f84a5d"},
]

[[package]]
name = "anyio"
version = "3.7.1"
description = "High level compatibility layer for multiple asynchronous event loop implementations"
optional = false
python-versions = ">=3.7"
files = [
    {file = "anyio-3.7.1-py3-none-any.whl", hash = "sha256:91dee416e570e92c64041bd18b900d1d6fa78dff7048769ce5ac5ddad004fbb5"},
    {file = "anyio-3.7.1.tar.gz", hash = "sha256:44a3c9aba0f5defa43261a8b3efb97891f2bd7d804e0e1f56419befa1adfc780"},
]

[package.dependencies]
idna = ">=2.8"
sniffio = ">=1.1"

[package.extras]
doc = ["Sphinx", "packaging", "sphinx-autodoc-typehints (>=1.2.0)", "sphinx-rtd-theme (>=1.2.2)", "sphinxcontrib-jquery"]
test = ["anyio[trio]", "coverage[toml] (>=4.5)", "hypothesis (>=4.0)", "mock (>=4)", "psutil (>=5.9)", "pytest (>=7.0)", "pytest-mock (>=3.6.1)", "trustme", "uvloop (>=0.17)"]
trio = ["trio (<0.22)"]

[[package]]
name = "async-timeout"
version = "4.0.3"
description = "Timeout context manager for asyncio programs"
optional = false
python-versions = ">=3.7"
files = [
    {file = "async-timeout-4.0.3.tar.gz", hash = "sha256:4640d96be84d82d02ed59ea2b7105a0f7b33abe8703703cd0ab0bf87c427522f"},
    {file = "async_timeout-4.0.3-py3-none-any.whl", hash = "sha256:7405140ff1230c310e51dc27b3145b9092d659ce68ff733fb0cefe3ee42be028"},
]

[[package]]
name = "bullmq"
version = "1.16.1"
description = "BullMQ for Python"
optional = false
python-versions = ">=3.10.0"
files = [
    {file = "bullmq-1.16.1.tar.gz", hash = "sha256:bdca149b46e119d55a0eb55320a21dda1c57aed02517bb2b13653412c3b0de12"},
]

[package.dependencies]
msgpack = ">=1.0.0,<2"
redis = ">=4.5.0,<5"
semver = ">=2.13.0,<3"

[package.extras]
dev = ["build (==0.8.0)", "pre-commit (==3.3.3)", "python-semantic-release (==7.28.1)", "setuptools (==68.0.0)", "types-redis (==4.6.0.2)"]

[[package]]
name = "click"
version = "8.1.7"
description = "Composable command line interface toolkit"
optional = false
python-versions = ">=3.7"
files = [
    {file = "click-8.1.7-py3-none-any.whl", hash = "sha256:ae74fb96c20a0277a1d615f1e4d73c8414f5a98db8b799a7931d1582f3390c28"},
    {file = "click-8.1.7.tar.gz", hash = "sha256:ca9853ad459e787e2192211578cc907e7594e294c7ccc834310722b41b9ca6de"},
]

[package.dependencies]
colorama = {version = "*", markers = "platform_system == \"Windows\""}

[[package]]
name = "colorama"
version = "0.4.6"
description = "Cross-platform colored terminal text."
optional = false
python-versions = "!=3.0.*,!=3.1.*,!=3.2.*,!=3.3.*,!=3.4.*,!=3.5.*,!=3.6.*,>=2.7"
files = [
    {file = "colorama-0.4.6-py2.py3-none-any.whl", hash = "sha256:4f1d9991f5acc0ca119f9d443620b77f9d6b33703e51011c16baf57afb285fc6"},
    {file = "colorama-0.4.6.tar.gz", hash = "sha256:08695f5cb7ed6e0531a20572697297273c47b8cae5a63ffc6d6ed5c201be6e44"},
]

[[package]]
name = "fastapi"
version = "0.104.1"
description = "FastAPI framework, high performance, easy to learn, fast to code, ready for production"
optional = false
python-versions = ">=3.8"
files = [
    {file = "fastapi-0.104.1-py3-none-any.whl", hash = "sha256:752dc31160cdbd0436bb93bad51560b57e525cbb1d4bbf6f4904ceee75548241"},
    {file = "fastapi-0.104.1.tar.gz", hash = "sha256:e5e4540a7c5e1dcfbbcf5b903c234feddcdcd881f191977a1c5dfd917487e7ae"},
]

[package.dependencies]
anyio = ">=3.7.1,<4.0.0"
pydantic = ">=1.7.4,<1.8 || >1.8,<1.8.1 || >1.8.1,<2.0.0 || >2.0.0,<2.0.1 || >2.0.1,<2.1.0 || >2.1.0,<3.0.0"
starlette = ">=0.27.0,<0.28.0"
typing-extensions = ">=4.8.0"

[package.extras]
all = ["email-validator (>=2.0.0)", "httpx (>=0.23.0)", "itsdangerous (>=1.1.0)", "jinja2 (>=2.11.2)", "orjson (>=3.2.1)", "pydantic-extra-types (>=2.0.0)", "pydantic-settings (>=2.0.0)", "python-multipart (>=0.0.5)", "pyyaml (>=5.3.1)", "ujson (>=4.0.1,!=4.0.2,!=4.1.0,!=4.2.0,!=4.3.0,!=5.0.0,!=5.1.0)", "uvicorn[standard] (>=0.12.0)"]

[[package]]
name = "h11"
version = "0.14.0"
description = "A pure-Python, bring-your-own-I/O implementation of HTTP/1.1"
optional = false
python-versions = ">=3.7"
files = [
    {file = "h11-0.14.0-py3-none-any.whl", hash = "sha256:e3fe4ac4b851c468cc8363d500db52c2ead036020723024a109d37346efaa761"},
    {file = "h11-0.14.0.tar.gz", hash = "sha256:8f19fbbe99e72420ff35c00b27a34cb9937e902a8b810e2c88300c6f0a3b699d"},
]

[[package]]
name = "idna"
version = "3.4"
description = "Internationalized Domain Names in Applications (IDNA)"
optional = false
python-versions = ">=3.5"
files = [
    {file = "idna-3.4-py3-none-any.whl", hash = "sha256:90b77e79eaa3eba6de819a0c442c0b4ceefc341a7a2ab77d7562bf49f425c5c2"},
    {file = "idna-3.4.tar.gz", hash = "sha256:814f528e8dead7d329833b91c5faa87d60bf71824cd12a7530b5526063d02cb4"},
]

[[package]]
name = "msgpack"
version = "1.0.7"
description = "MessagePack serializer"
optional = false
python-versions = ">=3.8"
files = [
    {file = "msgpack-1.0.7-cp310-cp310-macosx_10_9_universal2.whl", hash = "sha256:04ad6069c86e531682f9e1e71b71c1c3937d6014a7c3e9edd2aa81ad58842862"},
    {file = "msgpack-1.0.7-cp310-cp310-macosx_10_9_x86_64.whl", hash = "sha256:cca1b62fe70d761a282496b96a5e51c44c213e410a964bdffe0928e611368329"},
    {file = "msgpack-1.0.7-cp310-cp310-macosx_11_0_arm64.whl", hash = "sha256:e50ebce52f41370707f1e21a59514e3375e3edd6e1832f5e5235237db933c98b"},
    {file = "msgpack-1.0.7-cp310-cp310-manylinux_2_17_aarch64.manylinux2014_aarch64.whl", hash = "sha256:4a7b4f35de6a304b5533c238bee86b670b75b03d31b7797929caa7a624b5dda6"},
    {file = "msgpack-1.0.7-cp310-cp310-manylinux_2_17_x86_64.manylinux2014_x86_64.whl", hash = "sha256:28efb066cde83c479dfe5a48141a53bc7e5f13f785b92ddde336c716663039ee"},
    {file = "msgpack-1.0.7-cp310-cp310-manylinux_2_5_i686.manylinux1_i686.manylinux_2_17_i686.manylinux2014_i686.whl", hash = "sha256:4cb14ce54d9b857be9591ac364cb08dc2d6a5c4318c1182cb1d02274029d590d"},
    {file = "msgpack-1.0.7-cp310-cp310-musllinux_1_1_aarch64.whl", hash = "sha256:b573a43ef7c368ba4ea06050a957c2a7550f729c31f11dd616d2ac4aba99888d"},
    {file = "msgpack-1.0.7-cp310-cp310-musllinux_1_1_i686.whl", hash = "sha256:ccf9a39706b604d884d2cb1e27fe973bc55f2890c52f38df742bc1d79ab9f5e1"},
    {file = "msgpack-1.0.7-cp310-cp310-musllinux_1_1_x86_64.whl", hash = "sha256:cb70766519500281815dfd7a87d3a178acf7ce95390544b8c90587d76b227681"},
    {file = "msgpack-1.0.7-cp310-cp310-win32.whl", hash = "sha256:b610ff0f24e9f11c9ae653c67ff8cc03c075131401b3e5ef4b82570d1728f8a9"},
    {file = "msgpack-1.0.7-cp310-cp310-win_amd64.whl", hash = "sha256:a40821a89dc373d6427e2b44b572efc36a2778d3f543299e2f24eb1a5de65415"},
    {file = "msgpack-1.0.7-cp311-cp311-macosx_10_9_universal2.whl", hash = "sha256:576eb384292b139821c41995523654ad82d1916da6a60cff129c715a6223ea84"},
    {file = "msgpack-1.0.7-cp311-cp311-macosx_10_9_x86_64.whl", hash = "sha256:730076207cb816138cf1af7f7237b208340a2c5e749707457d70705715c93b93"},
    {file = "msgpack-1.0.7-cp311-cp311-macosx_11_0_arm64.whl", hash = "sha256:85765fdf4b27eb5086f05ac0491090fc76f4f2b28e09d9350c31aac25a5aaff8"},
    {file = "msgpack-1.0.7-cp311-cp311-manylinux_2_17_aarch64.manylinux2014_aarch64.whl", hash = "sha256:3476fae43db72bd11f29a5147ae2f3cb22e2f1a91d575ef130d2bf49afd21c46"},
    {file = "msgpack-1.0.7-cp311-cp311-manylinux_2_17_x86_64.manylinux2014_x86_64.whl", hash = "sha256:6d4c80667de2e36970ebf74f42d1088cc9ee7ef5f4e8c35eee1b40eafd33ca5b"},
    {file = "msgpack-1.0.7-cp311-cp311-manylinux_2_5_i686.manylinux1_i686.manylinux_2_17_i686.manylinux2014_i686.whl", hash = "sha256:5b0bf0effb196ed76b7ad883848143427a73c355ae8e569fa538365064188b8e"},
    {file = "msgpack-1.0.7-cp311-cp311-musllinux_1_1_aarch64.whl", hash = "sha256:f9a7c509542db4eceed3dcf21ee5267ab565a83555c9b88a8109dcecc4709002"},
    {file = "msgpack-1.0.7-cp311-cp311-musllinux_1_1_i686.whl", hash = "sha256:84b0daf226913133f899ea9b30618722d45feffa67e4fe867b0b5ae83a34060c"},
    {file = "msgpack-1.0.7-cp311-cp311-musllinux_1_1_x86_64.whl", hash = "sha256:ec79ff6159dffcc30853b2ad612ed572af86c92b5168aa3fc01a67b0fa40665e"},
    {file = "msgpack-1.0.7-cp311-cp311-win32.whl", hash = "sha256:3e7bf4442b310ff154b7bb9d81eb2c016b7d597e364f97d72b1acc3817a0fdc1"},
    {file = "msgpack-1.0.7-cp311-cp311-win_amd64.whl", hash = "sha256:3f0c8c6dfa6605ab8ff0611995ee30d4f9fcff89966cf562733b4008a3d60d82"},
    {file = "msgpack-1.0.7-cp312-cp312-macosx_10_9_universal2.whl", hash = "sha256:f0936e08e0003f66bfd97e74ee530427707297b0d0361247e9b4f59ab78ddc8b"},
    {file = "msgpack-1.0.7-cp312-cp312-macosx_10_9_x86_64.whl", hash = "sha256:98bbd754a422a0b123c66a4c341de0474cad4a5c10c164ceed6ea090f3563db4"},
    {file = "msgpack-1.0.7-cp312-cp312-macosx_11_0_arm64.whl", hash = "sha256:b291f0ee7961a597cbbcc77709374087fa2a9afe7bdb6a40dbbd9b127e79afee"},
    {file = "msgpack-1.0.7-cp312-cp312-manylinux_2_17_aarch64.manylinux2014_aarch64.whl", hash = "sha256:ebbbba226f0a108a7366bf4b59bf0f30a12fd5e75100c630267d94d7f0ad20e5"},
    {file = "msgpack-1.0.7-cp312-cp312-manylinux_2_17_x86_64.manylinux2014_x86_64.whl", hash = "sha256:1e2d69948e4132813b8d1131f29f9101bc2c915f26089a6d632001a5c1349672"},
    {file = "msgpack-1.0.7-cp312-cp312-manylinux_2_5_i686.manylinux1_i686.manylinux_2_17_i686.manylinux2014_i686.whl", hash = "sha256:bdf38ba2d393c7911ae989c3bbba510ebbcdf4ecbdbfec36272abe350c454075"},
    {file = "msgpack-1.0.7-cp312-cp312-musllinux_1_1_aarch64.whl", hash = "sha256:993584fc821c58d5993521bfdcd31a4adf025c7d745bbd4d12ccfecf695af5ba"},
    {file = "msgpack-1.0.7-cp312-cp312-musllinux_1_1_i686.whl", hash = "sha256:52700dc63a4676669b341ba33520f4d6e43d3ca58d422e22ba66d1736b0a6e4c"},
    {file = "msgpack-1.0.7-cp312-cp312-musllinux_1_1_x86_64.whl", hash = "sha256:e45ae4927759289c30ccba8d9fdce62bb414977ba158286b5ddaf8df2cddb5c5"},
    {file = "msgpack-1.0.7-cp312-cp312-win32.whl", hash = "sha256:27dcd6f46a21c18fa5e5deed92a43d4554e3df8d8ca5a47bf0615d6a5f39dbc9"},
    {file = "msgpack-1.0.7-cp312-cp312-win_amd64.whl", hash = "sha256:7687e22a31e976a0e7fc99c2f4d11ca45eff652a81eb8c8085e9609298916dcf"},
    {file = "msgpack-1.0.7-cp38-cp38-macosx_10_9_universal2.whl", hash = "sha256:5b6ccc0c85916998d788b295765ea0e9cb9aac7e4a8ed71d12e7d8ac31c23c95"},
    {file = "msgpack-1.0.7-cp38-cp38-macosx_10_9_x86_64.whl", hash = "sha256:235a31ec7db685f5c82233bddf9858748b89b8119bf4538d514536c485c15fe0"},
    {file = "msgpack-1.0.7-cp38-cp38-macosx_11_0_arm64.whl", hash = "sha256:cab3db8bab4b7e635c1c97270d7a4b2a90c070b33cbc00c99ef3f9be03d3e1f7"},
    {file = "msgpack-1.0.7-cp38-cp38-manylinux_2_17_aarch64.manylinux2014_aarch64.whl", hash = "sha256:0bfdd914e55e0d2c9e1526de210f6fe8ffe9705f2b1dfcc4aecc92a4cb4b533d"},
    {file = "msgpack-1.0.7-cp38-cp38-manylinux_2_17_x86_64.manylinux2014_x86_64.whl", hash = "sha256:36e17c4592231a7dbd2ed09027823ab295d2791b3b1efb2aee874b10548b7524"},
    {file = "msgpack-1.0.7-cp38-cp38-manylinux_2_5_i686.manylinux1_i686.manylinux_2_17_i686.manylinux2014_i686.whl", hash = "sha256:38949d30b11ae5f95c3c91917ee7a6b239f5ec276f271f28638dec9156f82cfc"},
    {file = "msgpack-1.0.7-cp38-cp38-musllinux_1_1_aarch64.whl", hash = "sha256:ff1d0899f104f3921d94579a5638847f783c9b04f2d5f229392ca77fba5b82fc"},
    {file = "msgpack-1.0.7-cp38-cp38-musllinux_1_1_i686.whl", hash = "sha256:dc43f1ec66eb8440567186ae2f8c447d91e0372d793dfe8c222aec857b81a8cf"},
    {file = "msgpack-1.0.7-cp38-cp38-musllinux_1_1_x86_64.whl", hash = "sha256:dd632777ff3beaaf629f1ab4396caf7ba0bdd075d948a69460d13d44357aca4c"},
    {file = "msgpack-1.0.7-cp38-cp38-win32.whl", hash = "sha256:4e71bc4416de195d6e9b4ee93ad3f2f6b2ce11d042b4d7a7ee00bbe0358bd0c2"},
    {file = "msgpack-1.0.7-cp38-cp38-win_amd64.whl", hash = "sha256:8f5b234f567cf76ee489502ceb7165c2a5cecec081db2b37e35332b537f8157c"},
    {file = "msgpack-1.0.7-cp39-cp39-macosx_10_9_universal2.whl", hash = "sha256:bfef2bb6ef068827bbd021017a107194956918ab43ce4d6dc945ffa13efbc25f"},
    {file = "msgpack-1.0.7-cp39-cp39-macosx_10_9_x86_64.whl", hash = "sha256:484ae3240666ad34cfa31eea7b8c6cd2f1fdaae21d73ce2974211df099a95d81"},
    {file = "msgpack-1.0.7-cp39-cp39-macosx_11_0_arm64.whl", hash = "sha256:3967e4ad1aa9da62fd53e346ed17d7b2e922cba5ab93bdd46febcac39be636fc"},
    {file = "msgpack-1.0.7-cp39-cp39-manylinux_2_17_aarch64.manylinux2014_aarch64.whl", hash = "sha256:8dd178c4c80706546702c59529ffc005681bd6dc2ea234c450661b205445a34d"},
    {file = "msgpack-1.0.7-cp39-cp39-manylinux_2_17_x86_64.manylinux2014_x86_64.whl", hash = "sha256:f6ffbc252eb0d229aeb2f9ad051200668fc3a9aaa8994e49f0cb2ffe2b7867e7"},
    {file = "msgpack-1.0.7-cp39-cp39-manylinux_2_5_i686.manylinux1_i686.manylinux_2_17_i686.manylinux2014_i686.whl", hash = "sha256:822ea70dc4018c7e6223f13affd1c5c30c0f5c12ac1f96cd8e9949acddb48a61"},
    {file = "msgpack-1.0.7-cp39-cp39-musllinux_1_1_aarch64.whl", hash = "sha256:384d779f0d6f1b110eae74cb0659d9aa6ff35aaf547b3955abf2ab4c901c4819"},
    {file = "msgpack-1.0.7-cp39-cp39-musllinux_1_1_i686.whl", hash = "sha256:f64e376cd20d3f030190e8c32e1c64582eba56ac6dc7d5b0b49a9d44021b52fd"},
    {file = "msgpack-1.0.7-cp39-cp39-musllinux_1_1_x86_64.whl", hash = "sha256:5ed82f5a7af3697b1c4786053736f24a0efd0a1b8a130d4c7bfee4b9ded0f08f"},
    {file = "msgpack-1.0.7-cp39-cp39-win32.whl", hash = "sha256:f26a07a6e877c76a88e3cecac8531908d980d3d5067ff69213653649ec0f60ad"},
    {file = "msgpack-1.0.7-cp39-cp39-win_amd64.whl", hash = "sha256:1dc93e8e4653bdb5910aed79f11e165c85732067614f180f70534f056da97db3"},
    {file = "msgpack-1.0.7.tar.gz", hash = "sha256:572efc93db7a4d27e404501975ca6d2d9775705c2d922390d878fcf768d92c87"},
]

[[package]]
name = "pastel"
version = "0.2.1"
description = "Bring colors to your terminal."
optional = false
python-versions = ">=2.7, !=3.0.*, !=3.1.*, !=3.2.*, !=3.3.*"
files = [
    {file = "pastel-0.2.1-py2.py3-none-any.whl", hash = "sha256:4349225fcdf6c2bb34d483e523475de5bb04a5c10ef711263452cb37d7dd4364"},
    {file = "pastel-0.2.1.tar.gz", hash = "sha256:e6581ac04e973cac858828c6202c1e1e81fee1dc7de7683f3e1ffe0bfd8a573d"},
]

[[package]]
name = "poethepoet"
version = "0.24.4"
description = "A task runner that works well with poetry."
optional = false
python-versions = ">=3.8"
files = [
    {file = "poethepoet-0.24.4-py3-none-any.whl", hash = "sha256:fb4ea35d7f40fe2081ea917d2e4102e2310fda2cde78974050ca83896e229075"},
    {file = "poethepoet-0.24.4.tar.gz", hash = "sha256:ff4220843a87c888cbcb5312c8905214701d0af60ac7271795baa8369b428fef"},
]

[package.dependencies]
pastel = ">=0.2.1,<0.3.0"
tomli = ">=1.2.2"

[package.extras]
poetry-plugin = ["poetry (>=1.0,<2.0)"]

[[package]]
name = "pydantic"
version = "2.5.1"
description = "Data validation using Python type hints"
optional = false
python-versions = ">=3.7"
files = [
    {file = "pydantic-2.5.1-py3-none-any.whl", hash = "sha256:dc5244a8939e0d9a68f1f1b5f550b2e1c879912033b1becbedb315accc75441b"},
    {file = "pydantic-2.5.1.tar.gz", hash = "sha256:0b8be5413c06aadfbe56f6dc1d45c9ed25fd43264414c571135c97dd77c2bedb"},
]

[package.dependencies]
annotated-types = ">=0.4.0"
pydantic-core = "2.14.3"
typing-extensions = ">=4.6.1"

[package.extras]
email = ["email-validator (>=2.0.0)"]

[[package]]
name = "pydantic-core"
version = "2.14.3"
description = ""
optional = false
python-versions = ">=3.7"
files = [
    {file = "pydantic_core-2.14.3-cp310-cp310-macosx_10_7_x86_64.whl", hash = "sha256:ba44fad1d114539d6a1509966b20b74d2dec9a5b0ee12dd7fd0a1bb7b8785e5f"},
    {file = "pydantic_core-2.14.3-cp310-cp310-macosx_11_0_arm64.whl", hash = "sha256:4a70d23eedd88a6484aa79a732a90e36701048a1509078d1b59578ef0ea2cdf5"},
    {file = "pydantic_core-2.14.3-cp310-cp310-manylinux_2_17_aarch64.manylinux2014_aarch64.whl", hash = "sha256:7cc24728a1a9cef497697e53b3d085fb4d3bc0ef1ef4d9b424d9cf808f52c146"},
    {file = "pydantic_core-2.14.3-cp310-cp310-manylinux_2_17_armv7l.manylinux2014_armv7l.whl", hash = "sha256:ab4a2381005769a4af2ffddae74d769e8a4aae42e970596208ec6d615c6fb080"},
    {file = "pydantic_core-2.14.3-cp310-cp310-manylinux_2_17_ppc64le.manylinux2014_ppc64le.whl", hash = "sha256:905a12bf088d6fa20e094f9a477bf84bd823651d8b8384f59bcd50eaa92e6a52"},
    {file = "pydantic_core-2.14.3-cp310-cp310-manylinux_2_17_s390x.manylinux2014_s390x.whl", hash = "sha256:38aed5a1bbc3025859f56d6a32f6e53ca173283cb95348e03480f333b1091e7d"},
    {file = "pydantic_core-2.14.3-cp310-cp310-manylinux_2_17_x86_64.manylinux2014_x86_64.whl", hash = "sha256:1767bd3f6370458e60c1d3d7b1d9c2751cc1ad743434e8ec84625a610c8b9195"},
    {file = "pydantic_core-2.14.3-cp310-cp310-manylinux_2_5_i686.manylinux1_i686.whl", hash = "sha256:7cb0c397f29688a5bd2c0dbd44451bc44ebb9b22babc90f97db5ec3e5bb69977"},
    {file = "pydantic_core-2.14.3-cp310-cp310-musllinux_1_1_aarch64.whl", hash = "sha256:9ff737f24b34ed26de62d481ef522f233d3c5927279f6b7229de9b0deb3f76b5"},
    {file = "pydantic_core-2.14.3-cp310-cp310-musllinux_1_1_x86_64.whl", hash = "sha256:a1a39fecb5f0b19faee9a8a8176c805ed78ce45d760259a4ff3d21a7daa4dfc1"},
    {file = "pydantic_core-2.14.3-cp310-none-win32.whl", hash = "sha256:ccbf355b7276593c68fa824030e68cb29f630c50e20cb11ebb0ee450ae6b3d08"},
    {file = "pydantic_core-2.14.3-cp310-none-win_amd64.whl", hash = "sha256:536e1f58419e1ec35f6d1310c88496f0d60e4f182cacb773d38076f66a60b149"},
    {file = "pydantic_core-2.14.3-cp311-cp311-macosx_10_7_x86_64.whl", hash = "sha256:f1f46700402312bdc31912f6fc17f5ecaaaa3bafe5487c48f07c800052736289"},
    {file = "pydantic_core-2.14.3-cp311-cp311-macosx_11_0_arm64.whl", hash = "sha256:88ec906eb2d92420f5b074f59cf9e50b3bb44f3cb70e6512099fdd4d88c2f87c"},
    {file = "pydantic_core-2.14.3-cp311-cp311-manylinux_2_17_aarch64.manylinux2014_aarch64.whl", hash = "sha256:056ea7cc3c92a7d2a14b5bc9c9fa14efa794d9f05b9794206d089d06d3433dc7"},
    {file = "pydantic_core-2.14.3-cp311-cp311-manylinux_2_17_armv7l.manylinux2014_armv7l.whl", hash = "sha256:076edc972b68a66870cec41a4efdd72a6b655c4098a232314b02d2bfa3bfa157"},
    {file = "pydantic_core-2.14.3-cp311-cp311-manylinux_2_17_ppc64le.manylinux2014_ppc64le.whl", hash = "sha256:e71f666c3bf019f2490a47dddb44c3ccea2e69ac882f7495c68dc14d4065eac2"},
    {file = "pydantic_core-2.14.3-cp311-cp311-manylinux_2_17_s390x.manylinux2014_s390x.whl", hash = "sha256:f518eac285c9632be337323eef9824a856f2680f943a9b68ac41d5f5bad7df7c"},
    {file = "pydantic_core-2.14.3-cp311-cp311-manylinux_2_17_x86_64.manylinux2014_x86_64.whl", hash = "sha256:9dbab442a8d9ca918b4ed99db8d89d11b1f067a7dadb642476ad0889560dac79"},
    {file = "pydantic_core-2.14.3-cp311-cp311-manylinux_2_5_i686.manylinux1_i686.whl", hash = "sha256:0653fb9fc2fa6787f2fa08631314ab7fc8070307bd344bf9471d1b7207c24623"},
    {file = "pydantic_core-2.14.3-cp311-cp311-musllinux_1_1_aarch64.whl", hash = "sha256:c54af5069da58ea643ad34ff32fd6bc4eebb8ae0fef9821cd8919063e0aeeaab"},
    {file = "pydantic_core-2.14.3-cp311-cp311-musllinux_1_1_x86_64.whl", hash = "sha256:cc956f78651778ec1ab105196e90e0e5f5275884793ab67c60938c75bcca3989"},
    {file = "pydantic_core-2.14.3-cp311-none-win32.whl", hash = "sha256:5b73441a1159f1fb37353aaefb9e801ab35a07dd93cb8177504b25a317f4215a"},
    {file = "pydantic_core-2.14.3-cp311-none-win_amd64.whl", hash = "sha256:7349f99f1ef8b940b309179733f2cad2e6037a29560f1b03fdc6aa6be0a8d03c"},
    {file = "pydantic_core-2.14.3-cp311-none-win_arm64.whl", hash = "sha256:ec79dbe23702795944d2ae4c6925e35a075b88acd0d20acde7c77a817ebbce94"},
    {file = "pydantic_core-2.14.3-cp312-cp312-macosx_10_7_x86_64.whl", hash = "sha256:8f5624f0f67f2b9ecaa812e1dfd2e35b256487566585160c6c19268bf2ffeccc"},
    {file = "pydantic_core-2.14.3-cp312-cp312-macosx_11_0_arm64.whl", hash = "sha256:6c2d118d1b6c9e2d577e215567eedbe11804c3aafa76d39ec1f8bc74e918fd07"},
    {file = "pydantic_core-2.14.3-cp312-cp312-manylinux_2_17_aarch64.manylinux2014_aarch64.whl", hash = "sha256:fe863491664c6720d65ae438d4efaa5eca766565a53adb53bf14bc3246c72fe0"},
    {file = "pydantic_core-2.14.3-cp312-cp312-manylinux_2_17_armv7l.manylinux2014_armv7l.whl", hash = "sha256:136bc7247e97a921a020abbd6ef3169af97569869cd6eff41b6a15a73c44ea9b"},
    {file = "pydantic_core-2.14.3-cp312-cp312-manylinux_2_17_ppc64le.manylinux2014_ppc64le.whl", hash = "sha256:aeafc7f5bbddc46213707266cadc94439bfa87ecf699444de8be044d6d6eb26f"},
    {file = "pydantic_core-2.14.3-cp312-cp312-manylinux_2_17_s390x.manylinux2014_s390x.whl", hash = "sha256:e16aaf788f1de5a85c8f8fcc9c1ca1dd7dd52b8ad30a7889ca31c7c7606615b8"},
    {file = "pydantic_core-2.14.3-cp312-cp312-manylinux_2_17_x86_64.manylinux2014_x86_64.whl", hash = "sha256:f8fc652c354d3362e2932a79d5ac4bbd7170757a41a62c4fe0f057d29f10bebb"},
    {file = "pydantic_core-2.14.3-cp312-cp312-manylinux_2_5_i686.manylinux1_i686.whl", hash = "sha256:f1b92e72babfd56585c75caf44f0b15258c58e6be23bc33f90885cebffde3400"},
    {file = "pydantic_core-2.14.3-cp312-cp312-musllinux_1_1_aarch64.whl", hash = "sha256:75f3f534f33651b73f4d3a16d0254de096f43737d51e981478d580f4b006b427"},
    {file = "pydantic_core-2.14.3-cp312-cp312-musllinux_1_1_x86_64.whl", hash = "sha256:c9ffd823c46e05ef3eb28b821aa7bc501efa95ba8880b4a1380068e32c5bed47"},
    {file = "pydantic_core-2.14.3-cp312-none-win32.whl", hash = "sha256:12e05a76b223577a4696c76d7a6b36a0ccc491ffb3c6a8cf92d8001d93ddfd63"},
    {file = "pydantic_core-2.14.3-cp312-none-win_amd64.whl", hash = "sha256:1582f01eaf0537a696c846bea92082082b6bfc1103a88e777e983ea9fbdc2a0f"},
    {file = "pydantic_core-2.14.3-cp312-none-win_arm64.whl", hash = "sha256:96fb679c7ca12a512d36d01c174a4fbfd912b5535cc722eb2c010c7b44eceb8e"},
    {file = "pydantic_core-2.14.3-cp37-cp37m-macosx_10_7_x86_64.whl", hash = "sha256:71ed769b58d44e0bc2701aa59eb199b6665c16e8a5b8b4a84db01f71580ec448"},
    {file = "pydantic_core-2.14.3-cp37-cp37m-macosx_11_0_arm64.whl", hash = "sha256:5402ee0f61e7798ea93a01b0489520f2abfd9b57b76b82c93714c4318c66ca06"},
    {file = "pydantic_core-2.14.3-cp37-cp37m-manylinux_2_17_aarch64.manylinux2014_aarch64.whl", hash = "sha256:eaab9dc009e22726c62fe3b850b797e7f0e7ba76d245284d1064081f512c7226"},
    {file = "pydantic_core-2.14.3-cp37-cp37m-manylinux_2_17_armv7l.manylinux2014_armv7l.whl", hash = "sha256:92486a04d54987054f8b4405a9af9d482e5100d6fe6374fc3303015983fc8bda"},
    {file = "pydantic_core-2.14.3-cp37-cp37m-manylinux_2_17_ppc64le.manylinux2014_ppc64le.whl", hash = "sha256:cf08b43d1d5d1678f295f0431a4a7e1707d4652576e1d0f8914b5e0213bfeee5"},
    {file = "pydantic_core-2.14.3-cp37-cp37m-manylinux_2_17_s390x.manylinux2014_s390x.whl", hash = "sha256:a8ca13480ce16daad0504be6ce893b0ee8ec34cd43b993b754198a89e2787f7e"},
    {file = "pydantic_core-2.14.3-cp37-cp37m-manylinux_2_17_x86_64.manylinux2014_x86_64.whl", hash = "sha256:44afa3c18d45053fe8d8228950ee4c8eaf3b5a7f3b64963fdeac19b8342c987f"},
    {file = "pydantic_core-2.14.3-cp37-cp37m-manylinux_2_5_i686.manylinux1_i686.whl", hash = "sha256:56814b41486e2d712a8bc02a7b1f17b87fa30999d2323bbd13cf0e52296813a1"},
    {file = "pydantic_core-2.14.3-cp37-cp37m-musllinux_1_1_aarch64.whl", hash = "sha256:c3dc2920cc96f9aa40c6dc54256e436cc95c0a15562eb7bd579e1811593c377e"},
    {file = "pydantic_core-2.14.3-cp37-cp37m-musllinux_1_1_x86_64.whl", hash = "sha256:e483b8b913fcd3b48badec54185c150cb7ab0e6487914b84dc7cde2365e0c892"},
    {file = "pydantic_core-2.14.3-cp37-none-win32.whl", hash = "sha256:364dba61494e48f01ef50ae430e392f67ee1ee27e048daeda0e9d21c3ab2d609"},
    {file = "pydantic_core-2.14.3-cp37-none-win_amd64.whl", hash = "sha256:a402ae1066be594701ac45661278dc4a466fb684258d1a2c434de54971b006ca"},
    {file = "pydantic_core-2.14.3-cp38-cp38-macosx_10_7_x86_64.whl", hash = "sha256:10904368261e4509c091cbcc067e5a88b070ed9a10f7ad78f3029c175487490f"},
    {file = "pydantic_core-2.14.3-cp38-cp38-macosx_11_0_arm64.whl", hash = "sha256:260692420028319e201b8649b13ac0988974eeafaaef95d0dfbf7120c38dc000"},
    {file = "pydantic_core-2.14.3-cp38-cp38-manylinux_2_17_aarch64.manylinux2014_aarch64.whl", hash = "sha256:3c1bf1a7b05a65d3b37a9adea98e195e0081be6b17ca03a86f92aeb8b110f468"},
    {file = "pydantic_core-2.14.3-cp38-cp38-manylinux_2_17_armv7l.manylinux2014_armv7l.whl", hash = "sha256:d7abd17a838a52140e3aeca271054e321226f52df7e0a9f0da8f91ea123afe98"},
    {file = "pydantic_core-2.14.3-cp38-cp38-manylinux_2_17_ppc64le.manylinux2014_ppc64le.whl", hash = "sha256:a5c51460ede609fbb4fa883a8fe16e749964ddb459966d0518991ec02eb8dfb9"},
    {file = "pydantic_core-2.14.3-cp38-cp38-manylinux_2_17_s390x.manylinux2014_s390x.whl", hash = "sha256:d06c78074646111fb01836585f1198367b17d57c9f427e07aaa9ff499003e58d"},
    {file = "pydantic_core-2.14.3-cp38-cp38-manylinux_2_17_x86_64.manylinux2014_x86_64.whl", hash = "sha256:af452e69446fadf247f18ac5d153b1f7e61ef708f23ce85d8c52833748c58075"},
    {file = "pydantic_core-2.14.3-cp38-cp38-manylinux_2_5_i686.manylinux1_i686.whl", hash = "sha256:e3ad4968711fb379a67c8c755beb4dae8b721a83737737b7bcee27c05400b047"},
    {file = "pydantic_core-2.14.3-cp38-cp38-musllinux_1_1_aarch64.whl", hash = "sha256:c5ea0153482e5b4d601c25465771c7267c99fddf5d3f3bdc238ef930e6d051cf"},
    {file = "pydantic_core-2.14.3-cp38-cp38-musllinux_1_1_x86_64.whl", hash = "sha256:96eb10ef8920990e703da348bb25fedb8b8653b5966e4e078e5be382b430f9e0"},
    {file = "pydantic_core-2.14.3-cp38-none-win32.whl", hash = "sha256:ea1498ce4491236d1cffa0eee9ad0968b6ecb0c1cd711699c5677fc689905f00"},
    {file = "pydantic_core-2.14.3-cp38-none-win_amd64.whl", hash = "sha256:2bc736725f9bd18a60eec0ed6ef9b06b9785454c8d0105f2be16e4d6274e63d0"},
    {file = "pydantic_core-2.14.3-cp39-cp39-macosx_10_7_x86_64.whl", hash = "sha256:1ea992659c03c3ea811d55fc0a997bec9dde863a617cc7b25cfde69ef32e55af"},
    {file = "pydantic_core-2.14.3-cp39-cp39-macosx_11_0_arm64.whl", hash = "sha256:d2b53e1f851a2b406bbb5ac58e16c4a5496038eddd856cc900278fa0da97f3fc"},
    {file = "pydantic_core-2.14.3-cp39-cp39-manylinux_2_17_aarch64.manylinux2014_aarch64.whl", hash = "sha256:0c7f8e8a7cf8e81ca7d44bea4f181783630959d41b4b51d2f74bc50f348a090f"},
    {file = "pydantic_core-2.14.3-cp39-cp39-manylinux_2_17_armv7l.manylinux2014_armv7l.whl", hash = "sha256:8d3b9c91eeb372a64ec6686c1402afd40cc20f61a0866850f7d989b6bf39a41a"},
    {file = "pydantic_core-2.14.3-cp39-cp39-manylinux_2_17_ppc64le.manylinux2014_ppc64le.whl", hash = "sha256:9ef3e2e407e4cad2df3c89488a761ed1f1c33f3b826a2ea9a411b0a7d1cccf1b"},
    {file = "pydantic_core-2.14.3-cp39-cp39-manylinux_2_17_s390x.manylinux2014_s390x.whl", hash = "sha256:f86f20a9d5bee1a6ede0f2757b917bac6908cde0f5ad9fcb3606db1e2968bcf5"},
    {file = "pydantic_core-2.14.3-cp39-cp39-manylinux_2_17_x86_64.manylinux2014_x86_64.whl", hash = "sha256:61beaa79d392d44dc19d6f11ccd824d3cccb865c4372157c40b92533f8d76dd0"},
    {file = "pydantic_core-2.14.3-cp39-cp39-manylinux_2_5_i686.manylinux1_i686.whl", hash = "sha256:d41df8e10b094640a6b234851b624b76a41552f637b9fb34dc720b9fe4ef3be4"},
    {file = "pydantic_core-2.14.3-cp39-cp39-musllinux_1_1_aarch64.whl", hash = "sha256:2c08ac60c3caa31f825b5dbac47e4875bd4954d8f559650ad9e0b225eaf8ed0c"},
    {file = "pydantic_core-2.14.3-cp39-cp39-musllinux_1_1_x86_64.whl", hash = "sha256:98d8b3932f1a369364606417ded5412c4ffb15bedbcf797c31317e55bd5d920e"},
    {file = "pydantic_core-2.14.3-cp39-none-win32.whl", hash = "sha256:caa94726791e316f0f63049ee00dff3b34a629b0d099f3b594770f7d0d8f1f56"},
    {file = "pydantic_core-2.14.3-cp39-none-win_amd64.whl", hash = "sha256:2494d20e4c22beac30150b4be3b8339bf2a02ab5580fa6553ca274bc08681a65"},
    {file = "pydantic_core-2.14.3-pp310-pypy310_pp73-macosx_10_7_x86_64.whl", hash = "sha256:fe272a72c7ed29f84c42fedd2d06c2f9858dc0c00dae3b34ba15d6d8ae0fbaaf"},
    {file = "pydantic_core-2.14.3-pp310-pypy310_pp73-macosx_11_0_arm64.whl", hash = "sha256:7e63a56eb7fdee1587d62f753ccd6d5fa24fbeea57a40d9d8beaef679a24bdd6"},
    {file = "pydantic_core-2.14.3-pp310-pypy310_pp73-manylinux_2_17_aarch64.manylinux2014_aarch64.whl", hash = "sha256:b7692f539a26265cece1e27e366df5b976a6db6b1f825a9e0466395b314ee48b"},
    {file = "pydantic_core-2.14.3-pp310-pypy310_pp73-manylinux_2_17_x86_64.manylinux2014_x86_64.whl", hash = "sha256:af46f0b7a1342b49f208fed31f5a83b8495bb14b652f621e0a6787d2f10f24ee"},
    {file = "pydantic_core-2.14.3-pp310-pypy310_pp73-manylinux_2_5_i686.manylinux1_i686.whl", hash = "sha256:6e2f9d76c00e805d47f19c7a96a14e4135238a7551a18bfd89bb757993fd0933"},
    {file = "pydantic_core-2.14.3-pp310-pypy310_pp73-musllinux_1_1_aarch64.whl", hash = "sha256:de52ddfa6e10e892d00f747bf7135d7007302ad82e243cf16d89dd77b03b649d"},
    {file = "pydantic_core-2.14.3-pp310-pypy310_pp73-musllinux_1_1_x86_64.whl", hash = "sha256:38113856c7fad8c19be7ddd57df0c3e77b1b2336459cb03ee3903ce9d5e236ce"},
    {file = "pydantic_core-2.14.3-pp310-pypy310_pp73-win_amd64.whl", hash = "sha256:354db020b1f8f11207b35360b92d95725621eb92656725c849a61e4b550f4acc"},
    {file = "pydantic_core-2.14.3-pp37-pypy37_pp73-macosx_10_7_x86_64.whl", hash = "sha256:76fc18653a5c95e5301a52d1b5afb27c9adc77175bf00f73e94f501caf0e05ad"},
    {file = "pydantic_core-2.14.3-pp37-pypy37_pp73-manylinux_2_17_aarch64.manylinux2014_aarch64.whl", hash = "sha256:2646f8270f932d79ba61102a15ea19a50ae0d43b314e22b3f8f4b5fabbfa6e38"},
    {file = "pydantic_core-2.14.3-pp37-pypy37_pp73-manylinux_2_17_x86_64.manylinux2014_x86_64.whl", hash = "sha256:37dad73a2f82975ed563d6a277fd9b50e5d9c79910c4aec787e2d63547202315"},
    {file = "pydantic_core-2.14.3-pp37-pypy37_pp73-manylinux_2_5_i686.manylinux1_i686.whl", hash = "sha256:113752a55a8eaece2e4ac96bc8817f134c2c23477e477d085ba89e3aa0f4dc44"},
    {file = "pydantic_core-2.14.3-pp37-pypy37_pp73-musllinux_1_1_aarch64.whl", hash = "sha256:8488e973547e8fb1b4193fd9faf5236cf1b7cd5e9e6dc7ff6b4d9afdc4c720cb"},
    {file = "pydantic_core-2.14.3-pp37-pypy37_pp73-musllinux_1_1_x86_64.whl", hash = "sha256:3d1dde10bd9962b1434053239b1d5490fc31a2b02d8950a5f731bc584c7a5a0f"},
    {file = "pydantic_core-2.14.3-pp38-pypy38_pp73-macosx_10_7_x86_64.whl", hash = "sha256:2c83892c7bf92b91d30faca53bb8ea21f9d7e39f0ae4008ef2c2f91116d0464a"},
    {file = "pydantic_core-2.14.3-pp38-pypy38_pp73-macosx_11_0_arm64.whl", hash = "sha256:849cff945284c577c5f621d2df76ca7b60f803cc8663ff01b778ad0af0e39bb9"},
    {file = "pydantic_core-2.14.3-pp38-pypy38_pp73-manylinux_2_17_aarch64.manylinux2014_aarch64.whl", hash = "sha256:4aa89919fbd8a553cd7d03bf23d5bc5deee622e1b5db572121287f0e64979476"},
    {file = "pydantic_core-2.14.3-pp38-pypy38_pp73-manylinux_2_17_x86_64.manylinux2014_x86_64.whl", hash = "sha256:bf15145b1f8056d12c67255cd3ce5d317cd4450d5ee747760d8d088d85d12a2d"},
    {file = "pydantic_core-2.14.3-pp38-pypy38_pp73-manylinux_2_5_i686.manylinux1_i686.whl", hash = "sha256:4cc6bb11f4e8e5ed91d78b9880774fbc0856cb226151b0a93b549c2b26a00c19"},
    {file = "pydantic_core-2.14.3-pp38-pypy38_pp73-musllinux_1_1_aarch64.whl", hash = "sha256:832d16f248ca0cc96929139734ec32d21c67669dcf8a9f3f733c85054429c012"},
    {file = "pydantic_core-2.14.3-pp38-pypy38_pp73-musllinux_1_1_x86_64.whl", hash = "sha256:b02b5e1f54c3396c48b665050464803c23c685716eb5d82a1d81bf81b5230da4"},
    {file = "pydantic_core-2.14.3-pp38-pypy38_pp73-win_amd64.whl", hash = "sha256:1f2d4516c32255782153e858f9a900ca6deadfb217fd3fb21bb2b60b4e04d04d"},
    {file = "pydantic_core-2.14.3-pp39-pypy39_pp73-macosx_10_7_x86_64.whl", hash = "sha256:0a3e51c2be472b7867eb0c5d025b91400c2b73a0823b89d4303a9097e2ec6655"},
    {file = "pydantic_core-2.14.3-pp39-pypy39_pp73-macosx_11_0_arm64.whl", hash = "sha256:df33902464410a1f1a0411a235f0a34e7e129f12cb6340daca0f9d1390f5fe10"},
    {file = "pydantic_core-2.14.3-pp39-pypy39_pp73-manylinux_2_17_aarch64.manylinux2014_aarch64.whl", hash = "sha256:27828f0227b54804aac6fb077b6bb48e640b5435fdd7fbf0c274093a7b78b69c"},
    {file = "pydantic_core-2.14.3-pp39-pypy39_pp73-manylinux_2_17_x86_64.manylinux2014_x86_64.whl", hash = "sha256:1e2979dc80246e18e348de51246d4c9b410186ffa3c50e77924bec436b1e36cb"},
    {file = "pydantic_core-2.14.3-pp39-pypy39_pp73-manylinux_2_5_i686.manylinux1_i686.whl", hash = "sha256:b28996872b48baf829ee75fa06998b607c66a4847ac838e6fd7473a6b2ab68e7"},
    {file = "pydantic_core-2.14.3-pp39-pypy39_pp73-musllinux_1_1_aarch64.whl", hash = "sha256:ca55c9671bb637ce13d18ef352fd32ae7aba21b4402f300a63f1fb1fd18e0364"},
    {file = "pydantic_core-2.14.3-pp39-pypy39_pp73-musllinux_1_1_x86_64.whl", hash = "sha256:aecd5ed096b0e5d93fb0367fd8f417cef38ea30b786f2501f6c34eabd9062c38"},
    {file = "pydantic_core-2.14.3-pp39-pypy39_pp73-win_amd64.whl", hash = "sha256:44aaf1a07ad0824e407dafc637a852e9a44d94664293bbe7d8ee549c356c8882"},
    {file = "pydantic_core-2.14.3.tar.gz", hash = "sha256:3ad083df8fe342d4d8d00cc1d3c1a23f0dc84fce416eb301e69f1ddbbe124d3f"},
]

[package.dependencies]
typing-extensions = ">=4.6.0,<4.7.0 || >4.7.0"

[[package]]
name = "redis"
version = "4.6.0"
description = "Python client for Redis database and key-value store"
optional = false
python-versions = ">=3.7"
files = [
    {file = "redis-4.6.0-py3-none-any.whl", hash = "sha256:e2b03db868160ee4591de3cb90d40ebb50a90dd302138775937f6a42b7ed183c"},
    {file = "redis-4.6.0.tar.gz", hash = "sha256:585dc516b9eb042a619ef0a39c3d7d55fe81bdb4df09a52c9cdde0d07bf1aa7d"},
]

[package.dependencies]
async-timeout = {version = ">=4.0.2", markers = "python_full_version <= \"3.11.2\""}

[package.extras]
hiredis = ["hiredis (>=1.0.0)"]
ocsp = ["cryptography (>=36.0.1)", "pyopenssl (==20.0.1)", "requests (>=2.26.0)"]

[[package]]
name = "semver"
version = "2.13.0"
description = "Python helper for Semantic Versioning (http://semver.org/)"
optional = false
python-versions = ">=2.7, !=3.0.*, !=3.1.*, !=3.2.*, !=3.3.*"
files = [
    {file = "semver-2.13.0-py2.py3-none-any.whl", hash = "sha256:ced8b23dceb22134307c1b8abfa523da14198793d9787ac838e70e29e77458d4"},
    {file = "semver-2.13.0.tar.gz", hash = "sha256:fa0fe2722ee1c3f57eac478820c3a5ae2f624af8264cbdf9000c980ff7f75e3f"},
]

[[package]]
name = "sniffio"
version = "1.3.0"
description = "Sniff out which async library your code is running under"
optional = false
python-versions = ">=3.7"
files = [
    {file = "sniffio-1.3.0-py3-none-any.whl", hash = "sha256:eecefdce1e5bbfb7ad2eeaabf7c1eeb404d7757c379bd1f7e5cce9d8bf425384"},
    {file = "sniffio-1.3.0.tar.gz", hash = "sha256:e60305c5e5d314f5389259b7f22aaa33d8f7dee49763119234af3755c55b9101"},
]

[[package]]
name = "starlette"
version = "0.27.0"
description = "The little ASGI library that shines."
optional = false
python-versions = ">=3.7"
files = [
    {file = "starlette-0.27.0-py3-none-any.whl", hash = "sha256:918416370e846586541235ccd38a474c08b80443ed31c578a418e2209b3eef91"},
    {file = "starlette-0.27.0.tar.gz", hash = "sha256:6a6b0d042acb8d469a01eba54e9cda6cbd24ac602c4cd016723117d6a7e73b75"},
]

[package.dependencies]
anyio = ">=3.4.0,<5"

[package.extras]
full = ["httpx (>=0.22.0)", "itsdangerous", "jinja2", "python-multipart", "pyyaml"]

[[package]]
name = "tomli"
version = "2.0.1"
description = "A lil' TOML parser"
optional = false
python-versions = ">=3.7"
files = [
    {file = "tomli-2.0.1-py3-none-any.whl", hash = "sha256:939de3e7a6161af0c887ef91b7d41a53e7c5a1ca976325f429cb46ea9bc30ecc"},
    {file = "tomli-2.0.1.tar.gz", hash = "sha256:de526c12914f0c550d15924c62d72abc48d6fe7364aa87328337a31007fe8a4f"},
]

[[package]]
name = "typing-extensions"
version = "4.8.0"
description = "Backported and Experimental Type Hints for Python 3.8+"
optional = false
python-versions = ">=3.8"
files = [
    {file = "typing_extensions-4.8.0-py3-none-any.whl", hash = "sha256:8f92fc8806f9a6b641eaa5318da32b44d401efaac0f6678c9bc448ba3605faa0"},
    {file = "typing_extensions-4.8.0.tar.gz", hash = "sha256:df8e4339e9cb77357558cbdbceca33c303714cf861d1eef15e1070055ae8b7ef"},
]

[[package]]
name = "uvicorn"
version = "0.24.0.post1"
description = "The lightning-fast ASGI server."
optional = false
python-versions = ">=3.8"
files = [
    {file = "uvicorn-0.24.0.post1-py3-none-any.whl", hash = "sha256:7c84fea70c619d4a710153482c0d230929af7bcf76c7bfa6de151f0a3a80121e"},
    {file = "uvicorn-0.24.0.post1.tar.gz", hash = "sha256:09c8e5a79dc466bdf28dead50093957db184de356fcdc48697bad3bde4c2588e"},
]

[package.dependencies]
click = ">=7.0"
h11 = ">=0.8"

[package.extras]
standard = ["colorama (>=0.4)", "httptools (>=0.5.0)", "python-dotenv (>=0.13)", "pyyaml (>=5.1)", "uvloop (>=0.14.0,!=0.15.0,!=0.15.1)", "watchfiles (>=0.13)", "websockets (>=10.4)"]

[metadata]
lock-version = "2.0"
python-versions = "^3.11"
content-hash = "f315f750baf7538ed5e4629d1ad253bea16a23feca26323a95d5190ca58f3818"
